
Microsoft Visual Studio Solution File, Format Version 12.00
# Visual Studio Version 17
VisualStudioVersion = 17.10.34916.146
MinimumVisualStudioVersion = 10.0.40219.1
Project("{9A19103F-16F7-4668-BE54-9A1E7A4F7556}") = "Escritorio.Shared.Modelos", "Escritorio.Shared.Modelos\Escritorio.Shared.Modelos.csproj", "{66BBA58D-5098-42F4-A7EB-F8AB3015CF8B}"
EndProject
Project("{9A19103F-16F7-4668-BE54-9A1E7A4F7556}") = "Escritorio.Shared.Dados", "Escritorio.Shared.Dados\Escritorio.Shared.Dados.csproj", "{7D39FBBA-5E8C-433A-8FDE-7FAA65D31D5A}"
EndProject
Project("{FAE04EC0-301F-11D3-BF4B-00C04F79EFBC}") = "Escritorio.API", "Escritorio.API\Escritorio.API.csproj", "{EBC8BC1B-C794-42BA-9363-A2900913041F}"
EndProject
Global
	GlobalSection(SolutionConfigurationPlatforms) = preSolution
		Debug|Any CPU = Debug|Any CPU
		Release|Any CPU = Release|Any CPU
	EndGlobalSection
	GlobalSection(ProjectConfigurationPlatforms) = postSolution
		{66BBA58D-5098-42F4-A7EB-F8AB3015CF8B}.Debug|Any CPU.ActiveCfg = Debug|Any CPU
		{66BBA58D-5098-42F4-A7EB-F8AB3015CF8B}.Debug|Any CPU.Build.0 = Debug|Any CPU
		{66BBA58D-5098-42F4-A7EB-F8AB3015CF8B}.Release|Any CPU.ActiveCfg = Release|Any CPU
		{66BBA58D-5098-42F4-A7EB-F8AB3015CF8B}.Release|Any CPU.Build.0 = Release|Any CPU
		{7D39FBBA-5E8C-433A-8FDE-7FAA65D31D5A}.Debug|Any CPU.ActiveCfg = Debug|Any CPU
		{7D39FBBA-5E8C-433A-8FDE-7FAA65D31D5A}.Debug|Any CPU.Build.0 = Debug|Any CPU
		{7D39FBBA-5E8C-433A-8FDE-7FAA65D31D5A}.Release|Any CPU.ActiveCfg = Release|Any CPU
		{7D39FBBA-5E8C-433A-8FDE-7FAA65D31D5A}.Release|Any CPU.Build.0 = Release|Any CPU
		{EBC8BC1B-C794-42BA-9363-A2900913041F}.Debug|Any CPU.ActiveCfg = Debug|Any CPU
		{EBC8BC1B-C794-42BA-9363-A2900913041F}.Debug|Any CPU.Build.0 = Debug|Any CPU
		{EBC8BC1B-C794-42BA-9363-A2900913041F}.Release|Any CPU.ActiveCfg = Release|Any CPU
		{EBC8BC1B-C794-42BA-9363-A2900913041F}.Release|Any CPU.Build.0 = Release|Any CPU
	EndGlobalSection
	GlobalSection(SolutionProperties) = preSolution
		HideSolutionNode = FALSE
	EndGlobalSection
	GlobalSection(ExtensibilityGlobals) = postSolution
		SolutionGuid = {5525D92B-8196-478D-B182-26BFFBF4DAAE}
	EndGlobalSection
EndGlobal
